# This file is automatically @generated by Cargo.
# It is not intended for manual editing.
version = 3

[[package]]
name = "logclient"
version = "0.1.0"
dependencies = [
 "logpack",
]

[[package]]
name = "logpack"
version = "0.1.0"

[[package]]
name = "logserver"
version = "0.1.0"
dependencies = [
 "logpack",
]
